
Microsoft Visual Studio Solution File, Format Version 12.00
# Visual Studio Version 17
VisualStudioVersion = 17.11.35327.3
MinimumVisualStudioVersion = 10.0.40219.1
Project("{9A19103F-16F7-4668-BE54-9A1E7A4F7556}") = "_01_NumbersFrom1To100", "_01_NumbersFrom1To100\_01_NumbersFrom1To100.csproj", "{E32FFEBD-8AA1-4E6D-A429-804634C2A0FF}"
EndProject
Project("{FAE04EC0-301F-11D3-BF4B-00C04F79EFBC}") = "_02_NumbersNTo1", "_02_NumbersNTo1\_02_NumbersNTo1.csproj", "{7C2BE708-6337-43F7-BBEF-8430EAC88D08}"
EndProject
Project("{FAE04EC0-301F-11D3-BF4B-00C04F79EFBC}") = "_03_Numbers1ToNWithStep3", "_03_Numbers1ToNWithStep3\_03_Numbers1ToNWithStep3.csproj", "{360507FF-61DE-4929-A939-629EA5E2FDEB}"
EndProject
Project("{FAE04EC0-301F-11D3-BF4B-00C04F79EFBC}") = "_04_EvenPowersOf2", "_04_EvenPowersOf2\_04_EvenPowersOf2.csproj", "{89AE1A9D-FD76-4A9D-A947-2F6CF65ABAE8}"
EndProject
Project("{FAE04EC0-301F-11D3-BF4B-00C04F79EFBC}") = "_05_CharacterSequence", "_05_CharacterSequence\_05_CharacterSequence.csproj", "{95BA2513-306B-43D2-95E8-E3873E90C2B2}"
EndProject
Project("{FAE04EC0-301F-11D3-BF4B-00C04F79EFBC}") = "_06_VowelsSum", "_06_VowelsSum\_06_VowelsSum.csproj", "{61538E97-EB41-4BB7-8453-0B3388E41369}"
EndProject
Project("{FAE04EC0-301F-11D3-BF4B-00C04F79EFBC}") = "_07_SumNumbers", "_07_SumNumbers\_07_SumNumbers.csproj", "{666E408E-FF4E-4EFA-B431-91507329AA05}"
EndProject
Project("{FAE04EC0-301F-11D3-BF4B-00C04F79EFBC}") = "_08_NumberSequence", "_08_NumberSequence\_08_NumberSequence.csproj", "{1FAD0064-834B-4675-BF76-CA78008F2C64}"
EndProject
Project("{FAE04EC0-301F-11D3-BF4B-00C04F79EFBC}") = "_09_LeftAndRightSum", "_09_LeftAndRightSum\_09_LeftAndRightSum.csproj", "{33B10EFC-E7E2-449E-8A3C-B7F27407A98F}"
EndProject
Project("{FAE04EC0-301F-11D3-BF4B-00C04F79EFBC}") = "_10_OddEvenSum", "_10_OddEvenSum\_10_OddEvenSum.csproj", "{20EC7FC5-C32C-4BE9-8E1F-64B3EABF7A22}"
EndProject
Global
	GlobalSection(SolutionConfigurationPlatforms) = preSolution
		Debug|Any CPU = Debug|Any CPU
		Release|Any CPU = Release|Any CPU
	EndGlobalSection
	GlobalSection(ProjectConfigurationPlatforms) = postSolution
		{E32FFEBD-8AA1-4E6D-A429-804634C2A0FF}.Debug|Any CPU.ActiveCfg = Debug|Any CPU
		{E32FFEBD-8AA1-4E6D-A429-804634C2A0FF}.Debug|Any CPU.Build.0 = Debug|Any CPU
		{E32FFEBD-8AA1-4E6D-A429-804634C2A0FF}.Release|Any CPU.ActiveCfg = Release|Any CPU
		{E32FFEBD-8AA1-4E6D-A429-804634C2A0FF}.Release|Any CPU.Build.0 = Release|Any CPU
		{7C2BE708-6337-43F7-BBEF-8430EAC88D08}.Debug|Any CPU.ActiveCfg = Debug|Any CPU
		{7C2BE708-6337-43F7-BBEF-8430EAC88D08}.Debug|Any CPU.Build.0 = Debug|Any CPU
		{7C2BE708-6337-43F7-BBEF-8430EAC88D08}.Release|Any CPU.ActiveCfg = Release|Any CPU
		{7C2BE708-6337-43F7-BBEF-8430EAC88D08}.Release|Any CPU.Build.0 = Release|Any CPU
		{360507FF-61DE-4929-A939-629EA5E2FDEB}.Debug|Any CPU.ActiveCfg = Debug|Any CPU
		{360507FF-61DE-4929-A939-629EA5E2FDEB}.Debug|Any CPU.Build.0 = Debug|Any CPU
		{360507FF-61DE-4929-A939-629EA5E2FDEB}.Release|Any CPU.ActiveCfg = Release|Any CPU
		{360507FF-61DE-4929-A939-629EA5E2FDEB}.Release|Any CPU.Build.0 = Release|Any CPU
		{89AE1A9D-FD76-4A9D-A947-2F6CF65ABAE8}.Debug|Any CPU.ActiveCfg = Debug|Any CPU
		{89AE1A9D-FD76-4A9D-A947-2F6CF65ABAE8}.Debug|Any CPU.Build.0 = Debug|Any CPU
		{89AE1A9D-FD76-4A9D-A947-2F6CF65ABAE8}.Release|Any CPU.ActiveCfg = Release|Any CPU
		{89AE1A9D-FD76-4A9D-A947-2F6CF65ABAE8}.Release|Any CPU.Build.0 = Release|Any CPU
		{95BA2513-306B-43D2-95E8-E3873E90C2B2}.Debug|Any CPU.ActiveCfg = Debug|Any CPU
		{95BA2513-306B-43D2-95E8-E3873E90C2B2}.Debug|Any CPU.Build.0 = Debug|Any CPU
		{95BA2513-306B-43D2-95E8-E3873E90C2B2}.Release|Any CPU.ActiveCfg = Release|Any CPU
		{95BA2513-306B-43D2-95E8-E3873E90C2B2}.Release|Any CPU.Build.0 = Release|Any CPU
		{61538E97-EB41-4BB7-8453-0B3388E41369}.Debug|Any CPU.ActiveCfg = Debug|Any CPU
		{61538E97-EB41-4BB7-8453-0B3388E41369}.Debug|Any CPU.Build.0 = Debug|Any CPU
		{61538E97-EB41-4BB7-8453-0B3388E41369}.Release|Any CPU.ActiveCfg = Release|Any CPU
		{61538E97-EB41-4BB7-8453-0B3388E41369}.Release|Any CPU.Build.0 = Release|Any CPU
		{666E408E-FF4E-4EFA-B431-91507329AA05}.Debug|Any CPU.ActiveCfg = Debug|Any CPU
		{666E408E-FF4E-4EFA-B431-91507329AA05}.Debug|Any CPU.Build.0 = Debug|Any CPU
		{666E408E-FF4E-4EFA-B431-91507329AA05}.Release|Any CPU.ActiveCfg = Release|Any CPU
		{666E408E-FF4E-4EFA-B431-91507329AA05}.Release|Any CPU.Build.0 = Release|Any CPU
		{1FAD0064-834B-4675-BF76-CA78008F2C64}.Debug|Any CPU.ActiveCfg = Debug|Any CPU
		{1FAD0064-834B-4675-BF76-CA78008F2C64}.Debug|Any CPU.Build.0 = Debug|Any CPU
		{1FAD0064-834B-4675-BF76-CA78008F2C64}.Release|Any CPU.ActiveCfg = Release|Any CPU
		{1FAD0064-834B-4675-BF76-CA78008F2C64}.Release|Any CPU.Build.0 = Release|Any CPU
		{33B10EFC-E7E2-449E-8A3C-B7F27407A98F}.Debug|Any CPU.ActiveCfg = Debug|Any CPU
		{33B10EFC-E7E2-449E-8A3C-B7F27407A98F}.Debug|Any CPU.Build.0 = Debug|Any CPU
		{33B10EFC-E7E2-449E-8A3C-B7F27407A98F}.Release|Any CPU.ActiveCfg = Release|Any CPU
		{33B10EFC-E7E2-449E-8A3C-B7F27407A98F}.Release|Any CPU.Build.0 = Release|Any CPU
		{20EC7FC5-C32C-4BE9-8E1F-64B3EABF7A22}.Debug|Any CPU.ActiveCfg = Debug|Any CPU
		{20EC7FC5-C32C-4BE9-8E1F-64B3EABF7A22}.Debug|Any CPU.Build.0 = Debug|Any CPU
		{20EC7FC5-C32C-4BE9-8E1F-64B3EABF7A22}.Release|Any CPU.ActiveCfg = Release|Any CPU
		{20EC7FC5-C32C-4BE9-8E1F-64B3EABF7A22}.Release|Any CPU.Build.0 = Release|Any CPU
	EndGlobalSection
	GlobalSection(SolutionProperties) = preSolution
		HideSolutionNode = FALSE
	EndGlobalSection
	GlobalSection(ExtensibilityGlobals) = postSolution
		SolutionGuid = {5AF0825C-8BC3-4EDB-8E3B-F2E8EEB7CDAD}
	EndGlobalSection
EndGlobal
