
Microsoft Visual Studio Solution File, Format Version 12.00
# Visual Studio Version 17
VisualStudioVersion = 17.11.35327.3
MinimumVisualStudioVersion = 10.0.40219.1
Project("{FAE04EC0-301F-11D3-BF4B-00C04F79EFBC}") = "_01_Train", "_01_Train\_01_Train.csproj", "{23E656AF-CF71-466A-B43C-776CC99BFC26}"
EndProject
Project("{FAE04EC0-301F-11D3-BF4B-00C04F79EFBC}") = "_02_CommonElements", "_02_CommonElements\_02_CommonElements.csproj", "{45BBA696-40B1-4B77-AB36-5F96C610A6F0}"
EndProject
Project("{FAE04EC0-301F-11D3-BF4B-00C04F79EFBC}") = "_03_ZigZagArrays", "_03_ZigZagArrays\_03_ZigZagArrays.csproj", "{93B07242-1E95-4618-8035-5E76FCB62836}"
EndProject
Project("{FAE04EC0-301F-11D3-BF4B-00C04F79EFBC}") = "_04_ArrayRotation", "_04_ArrayRotation\_04_ArrayRotation.csproj", "{AD7C7E44-C2AF-4E63-9B60-B28322BCC130}"
EndProject
Project("{FAE04EC0-301F-11D3-BF4B-00C04F79EFBC}") = "_05_TopIntegers", "_05_TopIntegers\_05_TopIntegers.csproj", "{0E4F8B6D-6DB3-46AE-B772-1834A3AF3A8C}"
EndProject
Project("{FAE04EC0-301F-11D3-BF4B-00C04F79EFBC}") = "_06_EqualSums", "_06_EqualSums\_06_EqualSums.csproj", "{2913876D-4ED2-473F-BB7A-A11296F24CDB}"
EndProject
Project("{FAE04EC0-301F-11D3-BF4B-00C04F79EFBC}") = "_07_MaxSequenceOfEqualElements", "_07_MaxSequenceOfEqualElements\_07_MaxSequenceOfEqualElements.csproj", "{F8E7A8B6-80F5-4602-8770-ED5DF4DF96BE}"
EndProject
Project("{FAE04EC0-301F-11D3-BF4B-00C04F79EFBC}") = "_08_MagicSum", "_08_MagicSum\_08_MagicSum.csproj", "{AD6806D8-CC7C-44C2-99AE-6035F2B24C56}"
EndProject
Project("{FAE04EC0-301F-11D3-BF4B-00C04F79EFBC}") = "_09_ArrayModifier", "_09_ArrayModifier\_09_ArrayModifier.csproj", "{B2F30D90-854C-4402-A5F6-2FC7D249E8AA}"
EndProject
Project("{FAE04EC0-301F-11D3-BF4B-00C04F79EFBC}") = "_10_TheLift", "_10_TheLift\_10_TheLift.csproj", "{EF95ABB6-59FA-4284-9EE6-217CF32F5575}"
EndProject
Project("{FAE04EC0-301F-11D3-BF4B-00C04F79EFBC}") = "_10_TheLiftV2", "_10_TheLiftV2\_10_TheLiftV2.csproj", "{B610D99E-4CB9-46C0-ADDE-5944E0F08A5A}"
EndProject
Project("{FAE04EC0-301F-11D3-BF4B-00C04F79EFBC}") = "_11_TreasureHunt", "_11_TreasureHunt\_11_TreasureHunt.csproj", "{768C485E-0742-4BD4-9922-182643C83DC8}"
EndProject
Global
	GlobalSection(SolutionConfigurationPlatforms) = preSolution
		Debug|Any CPU = Debug|Any CPU
		Release|Any CPU = Release|Any CPU
	EndGlobalSection
	GlobalSection(ProjectConfigurationPlatforms) = postSolution
		{23E656AF-CF71-466A-B43C-776CC99BFC26}.Debug|Any CPU.ActiveCfg = Debug|Any CPU
		{23E656AF-CF71-466A-B43C-776CC99BFC26}.Debug|Any CPU.Build.0 = Debug|Any CPU
		{23E656AF-CF71-466A-B43C-776CC99BFC26}.Release|Any CPU.ActiveCfg = Release|Any CPU
		{23E656AF-CF71-466A-B43C-776CC99BFC26}.Release|Any CPU.Build.0 = Release|Any CPU
		{45BBA696-40B1-4B77-AB36-5F96C610A6F0}.Debug|Any CPU.ActiveCfg = Debug|Any CPU
		{45BBA696-40B1-4B77-AB36-5F96C610A6F0}.Debug|Any CPU.Build.0 = Debug|Any CPU
		{45BBA696-40B1-4B77-AB36-5F96C610A6F0}.Release|Any CPU.ActiveCfg = Release|Any CPU
		{45BBA696-40B1-4B77-AB36-5F96C610A6F0}.Release|Any CPU.Build.0 = Release|Any CPU
		{93B07242-1E95-4618-8035-5E76FCB62836}.Debug|Any CPU.ActiveCfg = Debug|Any CPU
		{93B07242-1E95-4618-8035-5E76FCB62836}.Debug|Any CPU.Build.0 = Debug|Any CPU
		{93B07242-1E95-4618-8035-5E76FCB62836}.Release|Any CPU.ActiveCfg = Release|Any CPU
		{93B07242-1E95-4618-8035-5E76FCB62836}.Release|Any CPU.Build.0 = Release|Any CPU
		{AD7C7E44-C2AF-4E63-9B60-B28322BCC130}.Debug|Any CPU.ActiveCfg = Debug|Any CPU
		{AD7C7E44-C2AF-4E63-9B60-B28322BCC130}.Debug|Any CPU.Build.0 = Debug|Any CPU
		{AD7C7E44-C2AF-4E63-9B60-B28322BCC130}.Release|Any CPU.ActiveCfg = Release|Any CPU
		{AD7C7E44-C2AF-4E63-9B60-B28322BCC130}.Release|Any CPU.Build.0 = Release|Any CPU
		{0E4F8B6D-6DB3-46AE-B772-1834A3AF3A8C}.Debug|Any CPU.ActiveCfg = Debug|Any CPU
		{0E4F8B6D-6DB3-46AE-B772-1834A3AF3A8C}.Debug|Any CPU.Build.0 = Debug|Any CPU
		{0E4F8B6D-6DB3-46AE-B772-1834A3AF3A8C}.Release|Any CPU.ActiveCfg = Release|Any CPU
		{0E4F8B6D-6DB3-46AE-B772-1834A3AF3A8C}.Release|Any CPU.Build.0 = Release|Any CPU
		{2913876D-4ED2-473F-BB7A-A11296F24CDB}.Debug|Any CPU.ActiveCfg = Debug|Any CPU
		{2913876D-4ED2-473F-BB7A-A11296F24CDB}.Debug|Any CPU.Build.0 = Debug|Any CPU
		{2913876D-4ED2-473F-BB7A-A11296F24CDB}.Release|Any CPU.ActiveCfg = Release|Any CPU
		{2913876D-4ED2-473F-BB7A-A11296F24CDB}.Release|Any CPU.Build.0 = Release|Any CPU
		{F8E7A8B6-80F5-4602-8770-ED5DF4DF96BE}.Debug|Any CPU.ActiveCfg = Debug|Any CPU
		{F8E7A8B6-80F5-4602-8770-ED5DF4DF96BE}.Debug|Any CPU.Build.0 = Debug|Any CPU
		{F8E7A8B6-80F5-4602-8770-ED5DF4DF96BE}.Release|Any CPU.ActiveCfg = Release|Any CPU
		{F8E7A8B6-80F5-4602-8770-ED5DF4DF96BE}.Release|Any CPU.Build.0 = Release|Any CPU
		{AD6806D8-CC7C-44C2-99AE-6035F2B24C56}.Debug|Any CPU.ActiveCfg = Debug|Any CPU
		{AD6806D8-CC7C-44C2-99AE-6035F2B24C56}.Debug|Any CPU.Build.0 = Debug|Any CPU
		{AD6806D8-CC7C-44C2-99AE-6035F2B24C56}.Release|Any CPU.ActiveCfg = Release|Any CPU
		{AD6806D8-CC7C-44C2-99AE-6035F2B24C56}.Release|Any CPU.Build.0 = Release|Any CPU
		{B2F30D90-854C-4402-A5F6-2FC7D249E8AA}.Debug|Any CPU.ActiveCfg = Debug|Any CPU
		{B2F30D90-854C-4402-A5F6-2FC7D249E8AA}.Debug|Any CPU.Build.0 = Debug|Any CPU
		{B2F30D90-854C-4402-A5F6-2FC7D249E8AA}.Release|Any CPU.ActiveCfg = Release|Any CPU
		{B2F30D90-854C-4402-A5F6-2FC7D249E8AA}.Release|Any CPU.Build.0 = Release|Any CPU
		{EF95ABB6-59FA-4284-9EE6-217CF32F5575}.Debug|Any CPU.ActiveCfg = Debug|Any CPU
		{EF95ABB6-59FA-4284-9EE6-217CF32F5575}.Debug|Any CPU.Build.0 = Debug|Any CPU
		{EF95ABB6-59FA-4284-9EE6-217CF32F5575}.Release|Any CPU.ActiveCfg = Release|Any CPU
		{EF95ABB6-59FA-4284-9EE6-217CF32F5575}.Release|Any CPU.Build.0 = Release|Any CPU
		{B610D99E-4CB9-46C0-ADDE-5944E0F08A5A}.Debug|Any CPU.ActiveCfg = Debug|Any CPU
		{B610D99E-4CB9-46C0-ADDE-5944E0F08A5A}.Debug|Any CPU.Build.0 = Debug|Any CPU
		{B610D99E-4CB9-46C0-ADDE-5944E0F08A5A}.Release|Any CPU.ActiveCfg = Release|Any CPU
		{B610D99E-4CB9-46C0-ADDE-5944E0F08A5A}.Release|Any CPU.Build.0 = Release|Any CPU
		{768C485E-0742-4BD4-9922-182643C83DC8}.Debug|Any CPU.ActiveCfg = Debug|Any CPU
		{768C485E-0742-4BD4-9922-182643C83DC8}.Debug|Any CPU.Build.0 = Debug|Any CPU
		{768C485E-0742-4BD4-9922-182643C83DC8}.Release|Any CPU.ActiveCfg = Release|Any CPU
		{768C485E-0742-4BD4-9922-182643C83DC8}.Release|Any CPU.Build.0 = Release|Any CPU
	EndGlobalSection
	GlobalSection(SolutionProperties) = preSolution
		HideSolutionNode = FALSE
	EndGlobalSection
	GlobalSection(ExtensibilityGlobals) = postSolution
		SolutionGuid = {9E2D2AFC-3EDC-43A2-89F5-14C9ABA81BA8}
	EndGlobalSection
EndGlobal
