
Microsoft Visual Studio Solution File, Format Version 12.00
# Visual Studio Version 17
VisualStudioVersion = 17.11.35327.3
MinimumVisualStudioVersion = 10.0.40219.1
Project("{9A19103F-16F7-4668-BE54-9A1E7A4F7556}") = "_01_AdvertisementMessage", "_01_AdvertisementMessage\_01_AdvertisementMessage.csproj", "{2BB48E39-1BFD-46F2-813B-AC3C4B6C0C21}"
EndProject
Project("{9A19103F-16F7-4668-BE54-9A1E7A4F7556}") = "_02_Articles", "_02_Articles\_02_Articles.csproj", "{A2F2526D-43E8-443D-9AE1-F96727F8280D}"
EndProject
Project("{9A19103F-16F7-4668-BE54-9A1E7A4F7556}") = "_03_OpinionPoll", "_03_OpinionPoll\_03_OpinionPoll.csproj", "{4C3B9024-862E-4BA5-8A97-374DA83A8E78}"
EndProject
Project("{9A19103F-16F7-4668-BE54-9A1E7A4F7556}") = "_04_Articles2", "_04_Articles2\_04_Articles2.csproj", "{1A3DF077-1AA9-438B-A541-26433BB40627}"
EndProject
Project("{9A19103F-16F7-4668-BE54-9A1E7A4F7556}") = "_05_Students", "_05_Students\_05_Students.csproj", "{2E89BC5F-169C-433D-B522-EF7842643FD3}"
EndProject
Project("{9A19103F-16F7-4668-BE54-9A1E7A4F7556}") = "_06_OrderByAge", "_06_OrderByAge\_06_OrderByAge.csproj", "{B27ACE11-0FC5-482C-AFED-AB79760E4F2E}"
EndProject
Project("{9A19103F-16F7-4668-BE54-9A1E7A4F7556}") = "_07_VehicleCatalogue", "_07_VehicleCatalogue\_07_VehicleCatalogue.csproj", "{71D45D6C-08C3-458A-B759-2327F45AB9B2}"
EndProject
Project("{FAE04EC0-301F-11D3-BF4B-00C04F79EFBC}") = "_08_TeamworkProjects", "_08_TeamworkProjects\_08_TeamworkProjects.csproj", "{F2E66B37-55F6-4AB7-8B27-7E3672269A05}"
EndProject
Global
	GlobalSection(SolutionConfigurationPlatforms) = preSolution
		Debug|Any CPU = Debug|Any CPU
		Release|Any CPU = Release|Any CPU
	EndGlobalSection
	GlobalSection(ProjectConfigurationPlatforms) = postSolution
		{2BB48E39-1BFD-46F2-813B-AC3C4B6C0C21}.Debug|Any CPU.ActiveCfg = Debug|Any CPU
		{2BB48E39-1BFD-46F2-813B-AC3C4B6C0C21}.Debug|Any CPU.Build.0 = Debug|Any CPU
		{2BB48E39-1BFD-46F2-813B-AC3C4B6C0C21}.Release|Any CPU.ActiveCfg = Release|Any CPU
		{2BB48E39-1BFD-46F2-813B-AC3C4B6C0C21}.Release|Any CPU.Build.0 = Release|Any CPU
		{A2F2526D-43E8-443D-9AE1-F96727F8280D}.Debug|Any CPU.ActiveCfg = Debug|Any CPU
		{A2F2526D-43E8-443D-9AE1-F96727F8280D}.Debug|Any CPU.Build.0 = Debug|Any CPU
		{A2F2526D-43E8-443D-9AE1-F96727F8280D}.Release|Any CPU.ActiveCfg = Release|Any CPU
		{A2F2526D-43E8-443D-9AE1-F96727F8280D}.Release|Any CPU.Build.0 = Release|Any CPU
		{4C3B9024-862E-4BA5-8A97-374DA83A8E78}.Debug|Any CPU.ActiveCfg = Debug|Any CPU
		{4C3B9024-862E-4BA5-8A97-374DA83A8E78}.Debug|Any CPU.Build.0 = Debug|Any CPU
		{4C3B9024-862E-4BA5-8A97-374DA83A8E78}.Release|Any CPU.ActiveCfg = Release|Any CPU
		{4C3B9024-862E-4BA5-8A97-374DA83A8E78}.Release|Any CPU.Build.0 = Release|Any CPU
		{1A3DF077-1AA9-438B-A541-26433BB40627}.Debug|Any CPU.ActiveCfg = Debug|Any CPU
		{1A3DF077-1AA9-438B-A541-26433BB40627}.Debug|Any CPU.Build.0 = Debug|Any CPU
		{1A3DF077-1AA9-438B-A541-26433BB40627}.Release|Any CPU.ActiveCfg = Release|Any CPU
		{1A3DF077-1AA9-438B-A541-26433BB40627}.Release|Any CPU.Build.0 = Release|Any CPU
		{2E89BC5F-169C-433D-B522-EF7842643FD3}.Debug|Any CPU.ActiveCfg = Debug|Any CPU
		{2E89BC5F-169C-433D-B522-EF7842643FD3}.Debug|Any CPU.Build.0 = Debug|Any CPU
		{2E89BC5F-169C-433D-B522-EF7842643FD3}.Release|Any CPU.ActiveCfg = Release|Any CPU
		{2E89BC5F-169C-433D-B522-EF7842643FD3}.Release|Any CPU.Build.0 = Release|Any CPU
		{B27ACE11-0FC5-482C-AFED-AB79760E4F2E}.Debug|Any CPU.ActiveCfg = Debug|Any CPU
		{B27ACE11-0FC5-482C-AFED-AB79760E4F2E}.Debug|Any CPU.Build.0 = Debug|Any CPU
		{B27ACE11-0FC5-482C-AFED-AB79760E4F2E}.Release|Any CPU.ActiveCfg = Release|Any CPU
		{B27ACE11-0FC5-482C-AFED-AB79760E4F2E}.Release|Any CPU.Build.0 = Release|Any CPU
		{71D45D6C-08C3-458A-B759-2327F45AB9B2}.Debug|Any CPU.ActiveCfg = Debug|Any CPU
		{71D45D6C-08C3-458A-B759-2327F45AB9B2}.Debug|Any CPU.Build.0 = Debug|Any CPU
		{71D45D6C-08C3-458A-B759-2327F45AB9B2}.Release|Any CPU.ActiveCfg = Release|Any CPU
		{71D45D6C-08C3-458A-B759-2327F45AB9B2}.Release|Any CPU.Build.0 = Release|Any CPU
		{F2E66B37-55F6-4AB7-8B27-7E3672269A05}.Debug|Any CPU.ActiveCfg = Debug|Any CPU
		{F2E66B37-55F6-4AB7-8B27-7E3672269A05}.Debug|Any CPU.Build.0 = Debug|Any CPU
		{F2E66B37-55F6-4AB7-8B27-7E3672269A05}.Release|Any CPU.ActiveCfg = Release|Any CPU
		{F2E66B37-55F6-4AB7-8B27-7E3672269A05}.Release|Any CPU.Build.0 = Release|Any CPU
	EndGlobalSection
	GlobalSection(SolutionProperties) = preSolution
		HideSolutionNode = FALSE
	EndGlobalSection
	GlobalSection(ExtensibilityGlobals) = postSolution
		SolutionGuid = {D123B60B-4F3A-428D-9336-9586201CA5E0}
	EndGlobalSection
EndGlobal
