
Microsoft Visual Studio Solution File, Format Version 12.00
# Visual Studio Version 17
VisualStudioVersion = 17.11.35327.3
MinimumVisualStudioVersion = 10.0.40219.1
Project("{9A19103F-16F7-4668-BE54-9A1E7A4F7556}") = "_01_CompanyRoster", "_01_CompanyRoster\_01_CompanyRoster.csproj", "{457CACA1-FBFD-4961-8524-861E4D57DF73}"
EndProject
Project("{9A19103F-16F7-4668-BE54-9A1E7A4F7556}") = "_02_RawData", "_02_RawData\_02_RawData.csproj", "{47F2659A-0F1C-48A5-9FF6-78351EE71128}"
EndProject
Project("{9A19103F-16F7-4668-BE54-9A1E7A4F7556}") = "_03_CarSalesman", "_03_CarSalesman\_03_CarSalesman.csproj", "{4E198C60-048C-47FC-8C77-C9DAF8BD8A7A}"
EndProject
Project("{9A19103F-16F7-4668-BE54-9A1E7A4F7556}") = "_04_TeamworkProjects", "_04_TeamworkProjects\_04_TeamworkProjects.csproj", "{C49B8A71-4678-4BA6-9147-EB3E83337907}"
EndProject
Project("{FAE04EC0-301F-11D3-BF4B-00C04F79EFBC}") = "_05_OldestFamilyMember", "_05_OldestFamilyMember\_05_OldestFamilyMember.csproj", "{2BF20DD4-9758-42F1-914A-30D3517AE86C}"
EndProject
Global
	GlobalSection(SolutionConfigurationPlatforms) = preSolution
		Debug|Any CPU = Debug|Any CPU
		Release|Any CPU = Release|Any CPU
	EndGlobalSection
	GlobalSection(ProjectConfigurationPlatforms) = postSolution
		{457CACA1-FBFD-4961-8524-861E4D57DF73}.Debug|Any CPU.ActiveCfg = Debug|Any CPU
		{457CACA1-FBFD-4961-8524-861E4D57DF73}.Debug|Any CPU.Build.0 = Debug|Any CPU
		{457CACA1-FBFD-4961-8524-861E4D57DF73}.Release|Any CPU.ActiveCfg = Release|Any CPU
		{457CACA1-FBFD-4961-8524-861E4D57DF73}.Release|Any CPU.Build.0 = Release|Any CPU
		{47F2659A-0F1C-48A5-9FF6-78351EE71128}.Debug|Any CPU.ActiveCfg = Debug|Any CPU
		{47F2659A-0F1C-48A5-9FF6-78351EE71128}.Debug|Any CPU.Build.0 = Debug|Any CPU
		{47F2659A-0F1C-48A5-9FF6-78351EE71128}.Release|Any CPU.ActiveCfg = Release|Any CPU
		{47F2659A-0F1C-48A5-9FF6-78351EE71128}.Release|Any CPU.Build.0 = Release|Any CPU
		{4E198C60-048C-47FC-8C77-C9DAF8BD8A7A}.Debug|Any CPU.ActiveCfg = Debug|Any CPU
		{4E198C60-048C-47FC-8C77-C9DAF8BD8A7A}.Debug|Any CPU.Build.0 = Debug|Any CPU
		{4E198C60-048C-47FC-8C77-C9DAF8BD8A7A}.Release|Any CPU.ActiveCfg = Release|Any CPU
		{4E198C60-048C-47FC-8C77-C9DAF8BD8A7A}.Release|Any CPU.Build.0 = Release|Any CPU
		{C49B8A71-4678-4BA6-9147-EB3E83337907}.Debug|Any CPU.ActiveCfg = Debug|Any CPU
		{C49B8A71-4678-4BA6-9147-EB3E83337907}.Debug|Any CPU.Build.0 = Debug|Any CPU
		{C49B8A71-4678-4BA6-9147-EB3E83337907}.Release|Any CPU.ActiveCfg = Release|Any CPU
		{C49B8A71-4678-4BA6-9147-EB3E83337907}.Release|Any CPU.Build.0 = Release|Any CPU
		{2BF20DD4-9758-42F1-914A-30D3517AE86C}.Debug|Any CPU.ActiveCfg = Debug|Any CPU
		{2BF20DD4-9758-42F1-914A-30D3517AE86C}.Debug|Any CPU.Build.0 = Debug|Any CPU
		{2BF20DD4-9758-42F1-914A-30D3517AE86C}.Release|Any CPU.ActiveCfg = Release|Any CPU
		{2BF20DD4-9758-42F1-914A-30D3517AE86C}.Release|Any CPU.Build.0 = Release|Any CPU
	EndGlobalSection
	GlobalSection(SolutionProperties) = preSolution
		HideSolutionNode = FALSE
	EndGlobalSection
	GlobalSection(ExtensibilityGlobals) = postSolution
		SolutionGuid = {A3D02464-0762-496E-BE80-541ED9DB9078}
	EndGlobalSection
EndGlobal
