
Microsoft Visual Studio Solution File, Format Version 12.00
# Visual Studio Version 17
VisualStudioVersion = 17.11.35327.3
MinimumVisualStudioVersion = 10.0.40219.1
Project("{9A19103F-16F7-4668-BE54-9A1E7A4F7556}") = "_01_EncryptSortAndPrintArray", "_01_EncryptSortAndPrintArray\_01_EncryptSortAndPrintArray.csproj", "{5857D225-7EFA-429E-8FF9-FDF74E662907}"
EndProject
Project("{9A19103F-16F7-4668-BE54-9A1E7A4F7556}") = "_02_PascalTriangle", "_02_PascalTriangle\_02_PascalTriangle.csproj", "{6A4539C9-250C-4BAF-B768-61084EFDBF37}"
EndProject
Project("{9A19103F-16F7-4668-BE54-9A1E7A4F7556}") = "_03_RecursiveFibonacci", "_03_RecursiveFibonacci\_03_RecursiveFibonacci.csproj", "{2F52D973-BB73-4C84-81EE-AFC73C427178}"
EndProject
Project("{9A19103F-16F7-4668-BE54-9A1E7A4F7556}") = "_04_LongestIncreasingSubsequence", "_04_LongestIncreasingSubsequence\_04_LongestIncreasingSubsequence.csproj", "{0A453E7B-DFF8-4FCB-AFF2-61AE8C848AAE}"
EndProject
Project("{9A19103F-16F7-4668-BE54-9A1E7A4F7556}") = "_05_KaminoFactory", "_05_KaminoFactory\_05_KaminoFactory.csproj", "{D3756500-C4B2-477F-9625-152A4D075E1E}"
EndProject
Project("{9A19103F-16F7-4668-BE54-9A1E7A4F7556}") = "_06_LadyBugs", "_06_LadyBugs\_06_LadyBugs.csproj", "{32A8AD90-F3F9-46FE-BB2F-5108F4B93C03}"
EndProject
Project("{FAE04EC0-301F-11D3-BF4B-00C04F79EFBC}") = "_07_FoldAndSum", "_07_FoldAndSum\_07_FoldAndSum.csproj", "{CAE091B1-6E47-45CF-AC1C-894C00E18774}"
EndProject
Project("{FAE04EC0-301F-11D3-BF4B-00C04F79EFBC}") = "_07_FoldAndSumV2", "_07_FoldAndSumV2\_07_FoldAndSumV2.csproj", "{296B8CBD-E0C9-4E7D-B600-6B516D528A26}"
EndProject
Global
	GlobalSection(SolutionConfigurationPlatforms) = preSolution
		Debug|Any CPU = Debug|Any CPU
		Release|Any CPU = Release|Any CPU
	EndGlobalSection
	GlobalSection(ProjectConfigurationPlatforms) = postSolution
		{5857D225-7EFA-429E-8FF9-FDF74E662907}.Debug|Any CPU.ActiveCfg = Debug|Any CPU
		{5857D225-7EFA-429E-8FF9-FDF74E662907}.Debug|Any CPU.Build.0 = Debug|Any CPU
		{5857D225-7EFA-429E-8FF9-FDF74E662907}.Release|Any CPU.ActiveCfg = Release|Any CPU
		{5857D225-7EFA-429E-8FF9-FDF74E662907}.Release|Any CPU.Build.0 = Release|Any CPU
		{6A4539C9-250C-4BAF-B768-61084EFDBF37}.Debug|Any CPU.ActiveCfg = Debug|Any CPU
		{6A4539C9-250C-4BAF-B768-61084EFDBF37}.Debug|Any CPU.Build.0 = Debug|Any CPU
		{6A4539C9-250C-4BAF-B768-61084EFDBF37}.Release|Any CPU.ActiveCfg = Release|Any CPU
		{6A4539C9-250C-4BAF-B768-61084EFDBF37}.Release|Any CPU.Build.0 = Release|Any CPU
		{2F52D973-BB73-4C84-81EE-AFC73C427178}.Debug|Any CPU.ActiveCfg = Debug|Any CPU
		{2F52D973-BB73-4C84-81EE-AFC73C427178}.Debug|Any CPU.Build.0 = Debug|Any CPU
		{2F52D973-BB73-4C84-81EE-AFC73C427178}.Release|Any CPU.ActiveCfg = Release|Any CPU
		{2F52D973-BB73-4C84-81EE-AFC73C427178}.Release|Any CPU.Build.0 = Release|Any CPU
		{0A453E7B-DFF8-4FCB-AFF2-61AE8C848AAE}.Debug|Any CPU.ActiveCfg = Debug|Any CPU
		{0A453E7B-DFF8-4FCB-AFF2-61AE8C848AAE}.Debug|Any CPU.Build.0 = Debug|Any CPU
		{0A453E7B-DFF8-4FCB-AFF2-61AE8C848AAE}.Release|Any CPU.ActiveCfg = Release|Any CPU
		{0A453E7B-DFF8-4FCB-AFF2-61AE8C848AAE}.Release|Any CPU.Build.0 = Release|Any CPU
		{D3756500-C4B2-477F-9625-152A4D075E1E}.Debug|Any CPU.ActiveCfg = Debug|Any CPU
		{D3756500-C4B2-477F-9625-152A4D075E1E}.Debug|Any CPU.Build.0 = Debug|Any CPU
		{D3756500-C4B2-477F-9625-152A4D075E1E}.Release|Any CPU.ActiveCfg = Release|Any CPU
		{D3756500-C4B2-477F-9625-152A4D075E1E}.Release|Any CPU.Build.0 = Release|Any CPU
		{32A8AD90-F3F9-46FE-BB2F-5108F4B93C03}.Debug|Any CPU.ActiveCfg = Debug|Any CPU
		{32A8AD90-F3F9-46FE-BB2F-5108F4B93C03}.Debug|Any CPU.Build.0 = Debug|Any CPU
		{32A8AD90-F3F9-46FE-BB2F-5108F4B93C03}.Release|Any CPU.ActiveCfg = Release|Any CPU
		{32A8AD90-F3F9-46FE-BB2F-5108F4B93C03}.Release|Any CPU.Build.0 = Release|Any CPU
		{CAE091B1-6E47-45CF-AC1C-894C00E18774}.Debug|Any CPU.ActiveCfg = Debug|Any CPU
		{CAE091B1-6E47-45CF-AC1C-894C00E18774}.Debug|Any CPU.Build.0 = Debug|Any CPU
		{CAE091B1-6E47-45CF-AC1C-894C00E18774}.Release|Any CPU.ActiveCfg = Release|Any CPU
		{CAE091B1-6E47-45CF-AC1C-894C00E18774}.Release|Any CPU.Build.0 = Release|Any CPU
		{296B8CBD-E0C9-4E7D-B600-6B516D528A26}.Debug|Any CPU.ActiveCfg = Debug|Any CPU
		{296B8CBD-E0C9-4E7D-B600-6B516D528A26}.Debug|Any CPU.Build.0 = Debug|Any CPU
		{296B8CBD-E0C9-4E7D-B600-6B516D528A26}.Release|Any CPU.ActiveCfg = Release|Any CPU
		{296B8CBD-E0C9-4E7D-B600-6B516D528A26}.Release|Any CPU.Build.0 = Release|Any CPU
	EndGlobalSection
	GlobalSection(SolutionProperties) = preSolution
		HideSolutionNode = FALSE
	EndGlobalSection
	GlobalSection(ExtensibilityGlobals) = postSolution
		SolutionGuid = {2FCA3E09-D844-4FA4-8F89-373EB6FA8033}
	EndGlobalSection
EndGlobal
